
Microsoft Visual Studio Solution File, Format Version 12.00
# Visual Studio 15
VisualStudioVersion = 15.0.28010.2016
MinimumVisualStudioVersion = 10.0.40219.1
Project("{8BC9CEB8-8B4A-11D0-8D11-00A0C91BC942}") = "03_SimpleTriangle", "03_SimpleTriangle.vcxproj", "{B2AF0A3D-0B92-48F1-8C0C-F515379ABB81}"
EndProject
Global
	GlobalSection(SolutionConfigurationPlatforms) = preSolution
		Debug|x64 = Debug|x64
		Debug|x86 = Debug|x86
		Release|x64 = Release|x64
		Release|x86 = Release|x86
	EndGlobalSection
	GlobalSection(ProjectConfigurationPlatforms) = postSolution
		{B2AF0A3D-0B92-48F1-8C0C-F515379ABB81}.Debug|x64.ActiveCfg = Debug|x64
		{B2AF0A3D-0B92-48F1-8C0C-F515379ABB81}.Debug|x64.Build.0 = Debug|x64
		{B2AF0A3D-0B92-48F1-8C0C-F515379ABB81}.Debug|x86.ActiveCfg = Debug|Win32
		{B2AF0A3D-0B92-48F1-8C0C-F515379ABB81}.Debug|x86.Build.0 = Debug|Win32
		{B2AF0A3D-0B92-48F1-8C0C-F515379ABB81}.Release|x64.ActiveCfg = Release|x64
		{B2AF0A3D-0B92-48F1-8C0C-F515379ABB81}.Release|x64.Build.0 = Release|x64
		{B2AF0A3D-0B92-48F1-8C0C-F515379ABB81}.Release|x86.ActiveCfg = Release|Win32
		{B2AF0A3D-0B92-48F1-8C0C-F515379ABB81}.Release|x86.Build.0 = Release|Win32
	EndGlobalSection
	GlobalSection(SolutionProperties) = preSolution
		HideSolutionNode = FALSE
	EndGlobalSection
	GlobalSection(ExtensibilityGlobals) = postSolution
		SolutionGuid = {07A2B237-4007-4CFE-9F72-E30141F3B231}
	EndGlobalSection
EndGlobal
